
Microsoft Visual Studio Solution File, Format Version 11.00
# Visual Studio 2010
Project("{FAE04EC0-301F-11D3-BF4B-00C04F79EFBC}") = "Olcak Mı Lan Acaba", "Olcak Mı Lan Acaba\Olcak Mı Lan Acaba.csproj", "{3600D844-B0A1-439D-A81E-C53D170428CA}"
EndProject
Global
	GlobalSection(SolutionConfigurationPlatforms) = preSolution
		Debug|x86 = Debug|x86
		Release|x86 = Release|x86
	EndGlobalSection
	GlobalSection(ProjectConfigurationPlatforms) = postSolution
		{3600D844-B0A1-439D-A81E-C53D170428CA}.Debug|x86.ActiveCfg = Debug|x86
		{3600D844-B0A1-439D-A81E-C53D170428CA}.Debug|x86.Build.0 = Debug|x86
		{3600D844-B0A1-439D-A81E-C53D170428CA}.Release|x86.ActiveCfg = Release|x86
		{3600D844-B0A1-439D-A81E-C53D170428CA}.Release|x86.Build.0 = Release|x86
	EndGlobalSection
	GlobalSection(SolutionProperties) = preSolution
		HideSolutionNode = FALSE
	EndGlobalSection
EndGlobal
